
Microsoft Visual Studio Solution File, Format Version 12.00
# Visual Studio Version 17
VisualStudioVersion = 17.3.32901.215
MinimumVisualStudioVersion = 10.0.40219.1
Project("{9A19103F-16F7-4668-BE54-9A1E7A4F7556}") = "ApiPerson", "ApiPerson\ApiPerson.csproj", "{6BD37046-17D6-4BE5-80FB-5434E5B03F34}"
EndProject
Project("{FAE04EC0-301F-11D3-BF4B-00C04F79EFBC}") = "ApiAdress", "ApiAdress\ApiAdress.csproj", "{2FDD8DB6-398C-4030-8EAC-300010B5C9FF}"
EndProject
Project("{FAE04EC0-301F-11D3-BF4B-00C04F79EFBC}") = "ApiPaintHouse", "PaintHouse\ApiPaintHouse.csproj", "{A7FC9FDB-F5AB-4B4D-B868-46B4A17BB816}"
EndProject
Project("{FAE04EC0-301F-11D3-BF4B-00C04F79EFBC}") = "PaintPortal", "PaintPortal\PaintPortal.csproj", "{6923081D-9CDF-49AD-8141-B31252CC44B3}"
EndProject
Project("{FAE04EC0-301F-11D3-BF4B-00C04F79EFBC}") = "Entities", "Entities\Entities.csproj", "{905CCBD1-77D0-46BB-9F8C-786FE20AEDAA}"
EndProject
Global
	GlobalSection(SolutionConfigurationPlatforms) = preSolution
		Debug|Any CPU = Debug|Any CPU
		Release|Any CPU = Release|Any CPU
	EndGlobalSection
	GlobalSection(ProjectConfigurationPlatforms) = postSolution
		{6BD37046-17D6-4BE5-80FB-5434E5B03F34}.Debug|Any CPU.ActiveCfg = Debug|Any CPU
		{6BD37046-17D6-4BE5-80FB-5434E5B03F34}.Debug|Any CPU.Build.0 = Debug|Any CPU
		{6BD37046-17D6-4BE5-80FB-5434E5B03F34}.Release|Any CPU.ActiveCfg = Release|Any CPU
		{6BD37046-17D6-4BE5-80FB-5434E5B03F34}.Release|Any CPU.Build.0 = Release|Any CPU
		{2FDD8DB6-398C-4030-8EAC-300010B5C9FF}.Debug|Any CPU.ActiveCfg = Debug|Any CPU
		{2FDD8DB6-398C-4030-8EAC-300010B5C9FF}.Debug|Any CPU.Build.0 = Debug|Any CPU
		{2FDD8DB6-398C-4030-8EAC-300010B5C9FF}.Release|Any CPU.ActiveCfg = Release|Any CPU
		{2FDD8DB6-398C-4030-8EAC-300010B5C9FF}.Release|Any CPU.Build.0 = Release|Any CPU
		{A7FC9FDB-F5AB-4B4D-B868-46B4A17BB816}.Debug|Any CPU.ActiveCfg = Debug|Any CPU
		{A7FC9FDB-F5AB-4B4D-B868-46B4A17BB816}.Debug|Any CPU.Build.0 = Debug|Any CPU
		{A7FC9FDB-F5AB-4B4D-B868-46B4A17BB816}.Release|Any CPU.ActiveCfg = Release|Any CPU
		{A7FC9FDB-F5AB-4B4D-B868-46B4A17BB816}.Release|Any CPU.Build.0 = Release|Any CPU
		{6923081D-9CDF-49AD-8141-B31252CC44B3}.Debug|Any CPU.ActiveCfg = Debug|Any CPU
		{6923081D-9CDF-49AD-8141-B31252CC44B3}.Debug|Any CPU.Build.0 = Debug|Any CPU
		{6923081D-9CDF-49AD-8141-B31252CC44B3}.Release|Any CPU.ActiveCfg = Release|Any CPU
		{6923081D-9CDF-49AD-8141-B31252CC44B3}.Release|Any CPU.Build.0 = Release|Any CPU
		{905CCBD1-77D0-46BB-9F8C-786FE20AEDAA}.Debug|Any CPU.ActiveCfg = Debug|Any CPU
		{905CCBD1-77D0-46BB-9F8C-786FE20AEDAA}.Debug|Any CPU.Build.0 = Debug|Any CPU
		{905CCBD1-77D0-46BB-9F8C-786FE20AEDAA}.Release|Any CPU.ActiveCfg = Release|Any CPU
		{905CCBD1-77D0-46BB-9F8C-786FE20AEDAA}.Release|Any CPU.Build.0 = Release|Any CPU
	EndGlobalSection
	GlobalSection(SolutionProperties) = preSolution
		HideSolutionNode = FALSE
	EndGlobalSection
	GlobalSection(ExtensibilityGlobals) = postSolution
		SolutionGuid = {CFE4C502-059B-4084-8545-DA96493275C7}
	EndGlobalSection
EndGlobal
